
Microsoft Visual Studio Solution File, Format Version 12.00
Project("{FAE04EC0-301F-11D3-BF4B-00C04F79EFBC}") = "WebApi_0_CompositionRoot", "WebApi_0_CompositionRoot\WebApi_0_CompositionRoot.csproj", "{174B061A-E3C2-4D5A-9174-001BFA2C2F5A}"
EndProject
Project("{2150E333-8FDC-42A3-9474-1A3956D46DE8}") = "Solution Items", "Solution Items", "{DA0381FD-0472-4A0C-A68D-D479A2572E74}"
	ProjectSection(SolutionItems) = preProject
		compose.yaml = compose.yaml
	EndProjectSection
EndProject
Project("{FAE04EC0-301F-11D3-BF4B-00C04F79EFBC}") = "WebApi_3_Infrastructure", "WebApi_3_Infrastructure\WebApi_3_Infrastructure.csproj", "{0C2DB819-14DC-4864-B070-929C22B8729F}"
EndProject
Project("{FAE04EC0-301F-11D3-BF4B-00C04F79EFBC}") = "WebApi_2_Modules", "WebApi_2_Modules\WebApi_2_Modules.csproj", "{B3ADD5C9-B862-4000-9392-953BD52ECBB4}"
EndProject
Project("{FAE04EC0-301F-11D3-BF4B-00C04F79EFBC}") = "WebApi_1_Controllers", "WebApi_1_Controllers\WebApi_1_Controllers.csproj", "{6B8B8B18-C5CD-47FC-AAE5-9D7E05B28672}"
EndProject
Project("{FAE04EC0-301F-11D3-BF4B-00C04F79EFBC}") = "WebApiTest", "WebApiTest\WebApiTest.csproj", "{5DE52718-4EA4-4FCB-98A7-826F9CC3A748}"
EndProject
Global
	GlobalSection(SolutionConfigurationPlatforms) = preSolution
		Debug|Any CPU = Debug|Any CPU
		Release|Any CPU = Release|Any CPU
	EndGlobalSection
	GlobalSection(ProjectConfigurationPlatforms) = postSolution
		{174B061A-E3C2-4D5A-9174-001BFA2C2F5A}.Debug|Any CPU.ActiveCfg = Debug|Any CPU
		{174B061A-E3C2-4D5A-9174-001BFA2C2F5A}.Debug|Any CPU.Build.0 = Debug|Any CPU
		{174B061A-E3C2-4D5A-9174-001BFA2C2F5A}.Release|Any CPU.ActiveCfg = Release|Any CPU
		{174B061A-E3C2-4D5A-9174-001BFA2C2F5A}.Release|Any CPU.Build.0 = Release|Any CPU
		{0C2DB819-14DC-4864-B070-929C22B8729F}.Debug|Any CPU.ActiveCfg = Debug|Any CPU
		{0C2DB819-14DC-4864-B070-929C22B8729F}.Debug|Any CPU.Build.0 = Debug|Any CPU
		{0C2DB819-14DC-4864-B070-929C22B8729F}.Release|Any CPU.ActiveCfg = Release|Any CPU
		{0C2DB819-14DC-4864-B070-929C22B8729F}.Release|Any CPU.Build.0 = Release|Any CPU
		{B3ADD5C9-B862-4000-9392-953BD52ECBB4}.Debug|Any CPU.ActiveCfg = Debug|Any CPU
		{B3ADD5C9-B862-4000-9392-953BD52ECBB4}.Debug|Any CPU.Build.0 = Debug|Any CPU
		{B3ADD5C9-B862-4000-9392-953BD52ECBB4}.Release|Any CPU.ActiveCfg = Release|Any CPU
		{B3ADD5C9-B862-4000-9392-953BD52ECBB4}.Release|Any CPU.Build.0 = Release|Any CPU
		{6B8B8B18-C5CD-47FC-AAE5-9D7E05B28672}.Debug|Any CPU.ActiveCfg = Debug|Any CPU
		{6B8B8B18-C5CD-47FC-AAE5-9D7E05B28672}.Debug|Any CPU.Build.0 = Debug|Any CPU
		{6B8B8B18-C5CD-47FC-AAE5-9D7E05B28672}.Release|Any CPU.ActiveCfg = Release|Any CPU
		{6B8B8B18-C5CD-47FC-AAE5-9D7E05B28672}.Release|Any CPU.Build.0 = Release|Any CPU
		{5DE52718-4EA4-4FCB-98A7-826F9CC3A748}.Debug|Any CPU.ActiveCfg = Debug|Any CPU
		{5DE52718-4EA4-4FCB-98A7-826F9CC3A748}.Debug|Any CPU.Build.0 = Debug|Any CPU
		{5DE52718-4EA4-4FCB-98A7-826F9CC3A748}.Release|Any CPU.ActiveCfg = Release|Any CPU
		{5DE52718-4EA4-4FCB-98A7-826F9CC3A748}.Release|Any CPU.Build.0 = Release|Any CPU
	EndGlobalSection
	GlobalSection(NestedProjects) = preSolution
	EndGlobalSection
EndGlobal
